
Microsoft Visual Studio Solution File, Format Version 12.00
# Visual Studio Version 17
VisualStudioVersion = 17.4.33110.190
MinimumVisualStudioVersion = 10.0.40219.1
Project("{FAE04EC0-301F-11D3-BF4B-00C04F79EFBC}") = "NZWorks", "NZWorks\NZWorks.csproj", "{E588A412-4716-4332-B816-AB851C0C925E}"
EndProject
Global
	GlobalSection(SolutionConfigurationPlatforms) = preSolution
		Debug|Any CPU = Debug|Any CPU
		Release|Any CPU = Release|Any CPU
	EndGlobalSection
	GlobalSection(ProjectConfigurationPlatforms) = postSolution
		{E588A412-4716-4332-B816-AB851C0C925E}.Debug|Any CPU.ActiveCfg = Debug|Any CPU
		{E588A412-4716-4332-B816-AB851C0C925E}.Debug|Any CPU.Build.0 = Debug|Any CPU
		{E588A412-4716-4332-B816-AB851C0C925E}.Release|Any CPU.ActiveCfg = Release|Any CPU
		{E588A412-4716-4332-B816-AB851C0C925E}.Release|Any CPU.Build.0 = Release|Any CPU
	EndGlobalSection
	GlobalSection(SolutionProperties) = preSolution
		HideSolutionNode = FALSE
	EndGlobalSection
	GlobalSection(ExtensibilityGlobals) = postSolution
		SolutionGuid = {2B1511BA-FBF0-4E2C-9BC4-5E5A7037C787}
	EndGlobalSection
EndGlobal
